
Microsoft Visual Studio Solution File, Format Version 12.00
# Visual Studio Version 17
VisualStudioVersion = 17.5.002.0
MinimumVisualStudioVersion = 10.0.40219.1
Project("{9A19103F-16F7-4668-BE54-9A1E7A4F7556}") = "tests", "tests.csproj", "{B952ECD2-81EB-4C6B-8110-8D57C91037C5}"
EndProject
Global
	GlobalSection(SolutionConfigurationPlatforms) = preSolution
		Debug|Any CPU = Debug|Any CPU
		Release|Any CPU = Release|Any CPU
	EndGlobalSection
	GlobalSection(ProjectConfigurationPlatforms) = postSolution
		{B952ECD2-81EB-4C6B-8110-8D57C91037C5}.Debug|Any CPU.ActiveCfg = Debug|Any CPU
		{B952ECD2-81EB-4C6B-8110-8D57C91037C5}.Debug|Any CPU.Build.0 = Debug|Any CPU
		{B952ECD2-81EB-4C6B-8110-8D57C91037C5}.Release|Any CPU.ActiveCfg = Release|Any CPU
		{B952ECD2-81EB-4C6B-8110-8D57C91037C5}.Release|Any CPU.Build.0 = Release|Any CPU
	EndGlobalSection
	GlobalSection(SolutionProperties) = preSolution
		HideSolutionNode = FALSE
	EndGlobalSection
	GlobalSection(ExtensibilityGlobals) = postSolution
		SolutionGuid = {B6E5695E-494E-4748-A18A-692DB325749D}
	EndGlobalSection
EndGlobal
